# THIS IS AN AUTOGENERATED FILE. DO NOT EDIT THIS FILE DIRECTLY.
# yarn lockfile v1


"@kobandavis/canvas@^1.2.0":
  version "1.2.0"
  resolved "https://registry.yarnpkg.com/@kobandavis/canvas/-/canvas-1.2.0.tgz#897a9399c1f89965da9fbc0eb0939a389dc4720b"
  integrity sha512-h8SYH1vEEB1k/5DMSGqBZu6ox2aIWLGQy0F5b+Jb4nZS28U3U+mPGTRxn8PQ7O32UI1xgZLnBmRYxUnd9+MFkg==

typescript@^4.2.4:
  version "4.7.4"
  resolved "https://registry.yarnpkg.com/typescript/-/typescript-4.7.4.tgz#1a88596d1cf47d59507a1bcdfb5b9dfe4d488235"
  integrity sha512-C0WQT0gezHuw6AdY1M2jxUO83Rjf0HP7Sk1DtXj6j1EwkQNZrHAg2XPWlq62oqEhYvONq5pkC2Y9oPljWToLmQ==
